
Microsoft Visual Studio Solution File, Format Version 12.00
# Visual Studio 15
VisualStudioVersion = 15.0.28307.421
MinimumVisualStudioVersion = 10.0.40219.1
Project("{FAE04EC0-301F-11D3-BF4B-00C04F79EFBC}") = "MovieStore", "MovieStore\MovieStore.csproj", "{179EFAB9-3D57-4FE6-9CEE-0497917AAAE0}"
EndProject
Global
	GlobalSection(SolutionConfigurationPlatforms) = preSolution
		Debug|Any CPU = Debug|Any CPU
		Release|Any CPU = Release|Any CPU
	EndGlobalSection
	GlobalSection(ProjectConfigurationPlatforms) = postSolution
		{179EFAB9-3D57-4FE6-9CEE-0497917AAAE0}.Debug|Any CPU.ActiveCfg = Debug|Any CPU
		{179EFAB9-3D57-4FE6-9CEE-0497917AAAE0}.Debug|Any CPU.Build.0 = Debug|Any CPU
		{179EFAB9-3D57-4FE6-9CEE-0497917AAAE0}.Release|Any CPU.ActiveCfg = Release|Any CPU
		{179EFAB9-3D57-4FE6-9CEE-0497917AAAE0}.Release|Any CPU.Build.0 = Release|Any CPU
	EndGlobalSection
	GlobalSection(SolutionProperties) = preSolution
		HideSolutionNode = FALSE
	EndGlobalSection
	GlobalSection(ExtensibilityGlobals) = postSolution
		SolutionGuid = {297ACB97-16FC-4F3F-9A4C-5A4FE6809027}
	EndGlobalSection
EndGlobal
